
Microsoft Visual Studio Solution File, Format Version 12.00
# Visual Studio Version 16
VisualStudioVersion = 16.0.31424.327
MinimumVisualStudioVersion = 10.0.40219.1
Project("{FAE04EC0-301F-11D3-BF4B-00C04F79EFBC}") = "CH21-Studio", "CH21-Studio.csproj", "{7AF6BA3E-1D46-4ED1-9C50-D03AC649044F}"
EndProject
Global
	GlobalSection(SolutionConfigurationPlatforms) = preSolution
		Debug|Any CPU = Debug|Any CPU
		Release|Any CPU = Release|Any CPU
	EndGlobalSection
	GlobalSection(ProjectConfigurationPlatforms) = postSolution
		{7AF6BA3E-1D46-4ED1-9C50-D03AC649044F}.Debug|Any CPU.ActiveCfg = Debug|Any CPU
		{7AF6BA3E-1D46-4ED1-9C50-D03AC649044F}.Debug|Any CPU.Build.0 = Debug|Any CPU
		{7AF6BA3E-1D46-4ED1-9C50-D03AC649044F}.Release|Any CPU.ActiveCfg = Release|Any CPU
		{7AF6BA3E-1D46-4ED1-9C50-D03AC649044F}.Release|Any CPU.Build.0 = Release|Any CPU
	EndGlobalSection
	GlobalSection(SolutionProperties) = preSolution
		HideSolutionNode = FALSE
	EndGlobalSection
	GlobalSection(ExtensibilityGlobals) = postSolution
		SolutionGuid = {79F3E796-035B-4BD5-A794-14069698F3F2}
	EndGlobalSection
EndGlobal
